// !$*UTF8*$!
{
	archiveVersion = 1;
	classes = {
	};
	objectVersion = 50;
	objects = {

/* Begin PBXBuildFile section */
		FAA4F393269124E700720074 /* AppDelegate.swift in Sources */ = {isa = PBXBuildFile; fileRef = FAA4F392269124E700720074 /* AppDelegate.swift */; };
		FAA4F395269124E700720074 /* SceneDelegate.swift in Sources */ = {isa = PBXBuildFile; fileRef = FAA4F394269124E700720074 /* SceneDelegate.swift */; };
		FAA4F397269124E700720074 /* ViewController.swift in Sources */ = {isa = PBXBuildFile; fileRef = FAA4F396269124E700720074 /* ViewController.swift */; };
		FAA4F39A269124E700720074 /* Main.storyboard in Resources */ = {isa = PBXBuildFile; fileRef = FAA4F398269124E700720074 /* Main.storyboard */; };
		FAA4F39C269124EA00720074 /* Assets.xcassets in Resources */ = {isa = PBXBuildFile; fileRef = FAA4F39B269124EA00720074 /* Assets.xcassets */; };
		FAA4F39F269124EA00720074 /* LaunchScreen.storyboard in Resources */ = {isa = PBXBuildFile; fileRef = FAA4F39D269124EA00720074 /* LaunchScreen.storyboard */; };
		FAA4F3AA2691251A00720074 /* Bottle.swift in Sources */ = {isa = PBXBuildFile; fileRef = FAA4F3A92691251A00720074 /* Bottle.swift */; };
		FAA4F3AD2691263A00720074 /* Cannon.swift in Sources */ = {isa = PBXBuildFile; fileRef = FAA4F3AC2691263A00720074 /* Cannon.swift */; };
		FAA4F3B02691268700720074 /* Player.swift in Sources */ = {isa = PBXBuildFile; fileRef = FAA4F3AF2691268700720074 /* Player.swift */; };
		FAA4F3B7269127CF00720074 /* Game.swift in Sources */ = {isa = PBXBuildFile; fileRef = FAA4F3B6269127CF00720074 /* Game.swift */; };
/* End PBXBuildFile section */

/* Begin PBXFileReference section */
		FAA4F38F269124E700720074 /* Game.app */ = {isa = PBXFileReference; explicitFileType = wrapper.application; includeInIndex = 0; path = Game.app; sourceTree = BUILT_PRODUCTS_DIR; };
		FAA4F392269124E700720074 /* AppDelegate.swift */ = {isa = PBXFileReference; lastKnownFileType = sourcecode.swift; path = AppDelegate.swift; sourceTree = "<group>"; };
		FAA4F394269124E700720074 /* SceneDelegate.swift */ = {isa = PBXFileReference; lastKnownFileType = sourcecode.swift; path = SceneDelegate.swift; sourceTree = "<group>"; };
		FAA4F396269124E700720074 /* ViewController.swift */ = {isa = PBXFileReference; lastKnownFileType = sourcecode.swift; path = ViewController.swift; sourceTree = "<group>"; };
		FAA4F399269124E700720074 /* Base */ = {isa = PBXFileReference; lastKnownFileType = file.storyboard; name = Base; path = Base.lproj/Main.storyboard; sourceTree = "<group>"; };
		FAA4F39B269124EA00720074 /* Assets.xcassets */ = {isa = PBXFileReference; lastKnownFileType = folder.assetcatalog; path = Assets.xcassets; sourceTree = "<group>"; };
		FAA4F39E269124EA00720074 /* Base */ = {isa = PBXFileReference; lastKnownFileType = file.storyboard; name = Base; path = Base.lproj/LaunchScreen.storyboard; sourceTree = "<group>"; };
		FAA4F3A0269124EA00720074 /* Info.plist */ = {isa = PBXFileReference; lastKnownFileType = text.plist.xml; path = Info.plist; sourceTree = "<group>"; };
		FAA4F3A92691251A00720074 /* Bottle.swift */ = {isa = PBXFileReference; lastKnownFileType = sourcecode.swift; path = Bottle.swift; sourceTree = "<group>"; };
		FAA4F3AC2691263A00720074 /* Cannon.swift */ = {isa = PBXFileReference; lastKnownFileType = sourcecode.swift; path = Cannon.swift; sourceTree = "<group>"; };
		FAA4F3AF2691268700720074 /* Player.swift */ = {isa = PBXFileReference; lastKnownFileType = sourcecode.swift; path = Player.swift; sourceTree = "<group>"; };
		FAA4F3B6269127CF00720074 /* Game.swift */ = {isa = PBXFileReference; lastKnownFileType = sourcecode.swift; path = Game.swift; sourceTree = "<group>"; };
/* End PBXFileReference section */

/* Begin PBXFrameworksBuildPhase section */
		FAA4F38C269124E700720074 /* Frameworks */ = {
			isa = PBXFrameworksBuildPhase;
			buildActionMask = 2147483647;
			files = (
			);
			runOnlyForDeploymentPostprocessing = 0;
		};
/* End PBXFrameworksBuildPhase section */

/* Begin PBXGroup section */
		FAA4F386269124E700720074 = {
			isa = PBXGroup;
			children = (
				FAA4F391269124E700720074 /* Game */,
				FAA4F390269124E700720074 /* Products */,
			);
			sourceTree = "<group>";
		};
		FAA4F390269124E700720074 /* Products */ = {
			isa = PBXGroup;
			children = (
				FAA4F38F269124E700720074 /* Game.app */,
			);
			name = Products;
			sourceTree = "<group>";
		};
		FAA4F391269124E700720074 /* Game */ = {
			isa = PBXGroup;
			children = (
				FAA4F3B52691272D00720074 /* Controllers */,
				FAA4F3B22691270000720074 /* Delegates */,
				FAA4F3A7269124F500720074 /* Models */,
				FAA4F3B32691271200720074 /* Resources */,
				FAA4F3B42691271D00720074 /* UI */,
				FAA4F3A0269124EA00720074 /* Info.plist */,
			);
			path = Game;
			sourceTree = "<group>";
		};
		FAA4F3A7269124F500720074 /* Models */ = {
			isa = PBXGroup;
			children = (
				FAA4F3A92691251A00720074 /* Bottle.swift */,
				FAA4F3AC2691263A00720074 /* Cannon.swift */,
				FAA4F3AF2691268700720074 /* Player.swift */,
				FAA4F3B6269127CF00720074 /* Game.swift */,
			);
			path = Models;
			sourceTree = "<group>";
		};
		FAA4F3B22691270000720074 /* Delegates */ = {
			isa = PBXGroup;
			children = (
				FAA4F392269124E700720074 /* AppDelegate.swift */,
				FAA4F394269124E700720074 /* SceneDelegate.swift */,
			);
			path = Delegates;
			sourceTree = "<group>";
		};
		FAA4F3B32691271200720074 /* Resources */ = {
			isa = PBXGroup;
			children = (
				FAA4F39B269124EA00720074 /* Assets.xcassets */,
			);
			path = Resources;
			sourceTree = "<group>";
		};
		FAA4F3B42691271D00720074 /* UI */ = {
			isa = PBXGroup;
			children = (
				FAA4F398269124E700720074 /* Main.storyboard */,
				FAA4F39D269124EA00720074 /* LaunchScreen.storyboard */,
			);
			path = UI;
			sourceTree = "<group>";
		};
		FAA4F3B52691272D00720074 /* Controllers */ = {
			isa = PBXGroup;
			children = (
				FAA4F396269124E700720074 /* ViewController.swift */,
			);
			path = Controllers;
			sourceTree = "<group>";
		};
/* End PBXGroup section */

/* Begin PBXNativeTarget section */
		FAA4F38E269124E700720074 /* Game */ = {
			isa = PBXNativeTarget;
			buildConfigurationList = FAA4F3A3269124EA00720074 /* Build configuration list for PBXNativeTarget "Game" */;
			buildPhases = (
				FAA4F38B269124E700720074 /* Sources */,
				FAA4F38C269124E700720074 /* Frameworks */,
				FAA4F38D269124E700720074 /* Resources */,
			);
			buildRules = (
			);
			dependencies = (
			);
			name = Game;
			productName = Game;
			productReference = FAA4F38F269124E700720074 /* Game.app */;
			productType = "com.apple.product-type.application";
		};
/* End PBXNativeTarget section */

/* Begin PBXProject section */
		FAA4F387269124E700720074 /* Project object */ = {
			isa = PBXProject;
			attributes = {
				LastSwiftUpdateCheck = 1240;
				LastUpgradeCheck = 1240;
				TargetAttributes = {
					FAA4F38E269124E700720074 = {
						CreatedOnToolsVersion = 12.4;
					};
				};
			};
			buildConfigurationList = FAA4F38A269124E700720074 /* Build configuration list for PBXProject "Game" */;
			compatibilityVersion = "Xcode 9.3";
			developmentRegion = en;
			hasScannedForEncodings = 0;
			knownRegions = (
				en,
				Base,
			);
			mainGroup = FAA4F386269124E700720074;
			productRefGroup = FAA4F390269124E700720074 /* Products */;
			projectDirPath = "";
			projectRoot = "";
			targets = (
				FAA4F38E269124E700720074 /* Game */,
			);
		};
/* End PBXProject section */

/* Begin PBXResourcesBuildPhase section */
		FAA4F38D269124E700720074 /* Resources */ = {
			isa = PBXResourcesBuildPhase;
			buildActionMask = 2147483647;
			files = (
				FAA4F39F269124EA00720074 /* LaunchScreen.storyboard in Resources */,
				FAA4F39C269124EA00720074 /* Assets.xcassets in Resources */,
				FAA4F39A269124E700720074 /* Main.storyboard in Resources */,
			);
			runOnlyForDeploymentPostprocessing = 0;
		};
/* End PBXResourcesBuildPhase section */

/* Begin PBXSourcesBuildPhase section */
		FAA4F38B269124E700720074 /* Sources */ = {
			isa = PBXSourcesBuildPhase;
			buildActionMask = 2147483647;
			files = (
				FAA4F397269124E700720074 /* ViewController.swift in Sources */,
				FAA4F3AA2691251A00720074 /* Bottle.swift in Sources */,
				FAA4F3B7269127CF00720074 /* Game.swift in Sources */,
				FAA4F393269124E700720074 /* AppDelegate.swift in Sources */,
				FAA4F3AD2691263A00720074 /* Cannon.swift in Sources */,
				FAA4F3B02691268700720074 /* Player.swift in Sources */,
				FAA4F395269124E700720074 /* SceneDelegate.swift in Sources */,
			);
			runOnlyForDeploymentPostprocessing = 0;
		};
/* End PBXSourcesBuildPhase section */

/* Begin PBXVariantGroup section */
		FAA4F398269124E700720074 /* Main.storyboard */ = {
			isa = PBXVariantGroup;
			children = (
				FAA4F399269124E700720074 /* Base */,
			);
			name = Main.storyboard;
			sourceTree = "<group>";
		};
		FAA4F39D269124EA00720074 /* LaunchScreen.storyboard */ = {
			isa = PBXVariantGroup;
			children = (
				FAA4F39E269124EA00720074 /* Base */,
			);
			name = LaunchScreen.storyboard;
			sourceTree = "<group>";
		};
/* End PBXVariantGroup section */

/* Begin XCBuildConfiguration section */
		FAA4F3A1269124EA00720074 /* Debug */ = {
			isa = XCBuildConfiguration;
			buildSettings = {
				ALWAYS_SEARCH_USER_PATHS = NO;
				CLANG_ANALYZER_NONNULL = YES;
				CLANG_ANALYZER_NUMBER_OBJECT_CONVERSION = YES_AGGRESSIVE;
				CLANG_CXX_LANGUAGE_STANDARD = "gnu++14";
				CLANG_CXX_LIBRARY = "libc++";
				CLANG_ENABLE_MODULES = YES;
				CLANG_ENABLE_OBJC_ARC = YES;
				CLANG_ENABLE_OBJC_WEAK = YES;
				CLANG_WARN_BLOCK_CAPTURE_AUTORELEASING = YES;
				CLANG_WARN_BOOL_CONVERSION = YES;
				CLANG_WARN_COMMA = YES;
				CLANG_WARN_CONSTANT_CONVERSION = YES;
				CLANG_WARN_DEPRECATED_OBJC_IMPLEMENTATIONS = YES;
				CLANG_WARN_DIRECT_OBJC_ISA_USAGE = YES_ERROR;
				CLANG_WARN_DOCUMENTATION_COMMENTS = YES;
				CLANG_WARN_EMPTY_BODY = YES;
				CLANG_WARN_ENUM_CONVERSION = YES;
				CLANG_WARN_INFINITE_RECURSION = YES;
				CLANG_WARN_INT_CONVERSION = YES;
				CLANG_WARN_NON_LITERAL_NULL_CONVERSION = YES;
				CLANG_WARN_OBJC_IMPLICIT_RETAIN_SELF = YES;
				CLANG_WARN_OBJC_LITERAL_CONVERSION = YES;
				CLANG_WARN_OBJC_ROOT_CLASS = YES_ERROR;
				CLANG_WARN_QUOTED_INCLUDE_IN_FRAMEWORK_HEADER = YES;
				CLANG_WARN_RANGE_LOOP_ANALYSIS = YES;
				CLANG_WARN_STRICT_PROTOTYPES = YES;
				CLANG_WARN_SUSPICIOUS_MOVE = YES;
				CLANG_WARN_UNGUARDED_AVAILABILITY = YES_AGGRESSIVE;
				CLANG_WARN_UNREACHABLE_CODE = YES;
				CLANG_WARN__DUPLICATE_METHOD_MATCH = YES;
				COPY_PHASE_STRIP = NO;
				DEBUG_INFORMATION_FORMAT = dwarf;
				ENABLE_STRICT_OBJC_MSGSEND = YES;
				ENABLE_TESTABILITY = YES;
				GCC_C_LANGUAGE_STANDARD = gnu11;
				GCC_DYNAMIC_NO_PIC = NO;
				GCC_NO_COMMON_BLOCKS = YES;
				GCC_OPTIMIZATION_LEVEL = 0;
				GCC_PREPROCESSOR_DEFINITIONS = (
					"DEBUG=1",
					"$(inherited)",
				);
				GCC_WARN_64_TO_32_BIT_CONVERSION = YES;
				GCC_WARN_ABOUT_RETURN_TYPE = YES_ERROR;
				GCC_WARN_UNDECLARED_SELECTOR = YES;
				GCC_WARN_UNINITIALIZED_AUTOS = YES_AGGRESSIVE;
				GCC_WARN_UNUSED_FUNCTION = YES;
				GCC_WARN_UNUSED_VARIABLE = YES;
				IPHONEOS_DEPLOYMENT_TARGET = 14.4;
				MTL_ENABLE_DEBUG_INFO = INCLUDE_SOURCE;
				MTL_FAST_MATH = YES;
				ONLY_ACTIVE_ARCH = YES;
				SDKROOT = iphoneos;
				SWIFT_ACTIVE_COMPILATION_CONDITIONS = DEBUG;
				SWIFT_OPTIMIZATION_LEVEL = "-Onone";
			};
			name = Debug;
		};
		FAA4F3A2269124EA00720074 /* Release */ = {
			isa = XCBuildConfiguration;
			buildSettings = {
				ALWAYS_SEARCH_USER_PATHS = NO;
				CLANG_ANALYZER_NONNULL = YES;
				CLANG_ANALYZER_NUMBER_OBJECT_CONVERSION = YES_AGGRESSIVE;
				CLANG_CXX_LANGUAGE_STANDARD = "gnu++14";
				CLANG_CXX_LIBRARY = "libc++";
				CLANG_ENABLE_MODULES = YES;
				CLANG_ENABLE_OBJC_ARC = YES;
				CLANG_ENABLE_OBJC_WEAK = YES;
				CLANG_WARN_BLOCK_CAPTURE_AUTORELEASING = YES;
				CLANG_WARN_BOOL_CONVERSION = YES;
				CLANG_WARN_COMMA = YES;
				CLANG_WARN_CONSTANT_CONVERSION = YES;
				CLANG_WARN_DEPRECATED_OBJC_IMPLEMENTATIONS = YES;
				CLANG_WARN_DIRECT_OBJC_ISA_USAGE = YES_ERROR;
				CLANG_WARN_DOCUMENTATION_COMMENTS = YES;
				CLANG_WARN_EMPTY_BODY = YES;
				CLANG_WARN_ENUM_CONVERSION = YES;
				CLANG_WARN_INFINITE_RECURSION = YES;
				CLANG_WARN_INT_CONVERSION = YES;
				CLANG_WARN_NON_LITERAL_NULL_CONVERSION = YES;
				CLANG_WARN_OBJC_IMPLICIT_RETAIN_SELF = YES;
				CLANG_WARN_OBJC_LITERAL_CONVERSION = YES;
				CLANG_WARN_OBJC_ROOT_CLASS = YES_ERROR;
				CLANG_WARN_QUOTED_INCLUDE_IN_FRAMEWORK_HEADER = YES;
				CLANG_WARN_RANGE_LOOP_ANALYSIS = YES;
				CLANG_WARN_STRICT_PROTOTYPES = YES;
				CLANG_WARN_SUSPICIOUS_MOVE = YES;
				CLANG_WARN_UNGUARDED_AVAILABILITY = YES_AGGRESSIVE;
				CLANG_WARN_UNREACHABLE_CODE = YES;
				CLANG_WARN__DUPLICATE_METHOD_MATCH = YES;
				COPY_PHASE_STRIP = NO;
				DEBUG_INFORMATION_FORMAT = "dwarf-with-dsym";
				ENABLE_NS_ASSERTIONS = NO;
				ENABLE_STRICT_OBJC_MSGSEND = YES;
				GCC_C_LANGUAGE_STANDARD = gnu11;
				GCC_NO_COMMON_BLOCKS = YES;
				GCC_WARN_64_TO_32_BIT_CONVERSION = YES;
				GCC_WARN_ABOUT_RETURN_TYPE = YES_ERROR;
				GCC_WARN_UNDECLARED_SELECTOR = YES;
				GCC_WARN_UNINITIALIZED_AUTOS = YES_AGGRESSIVE;
				GCC_WARN_UNUSED_FUNCTION = YES;
				GCC_WARN_UNUSED_VARIABLE = YES;
				IPHONEOS_DEPLOYMENT_TARGET = 14.4;
				MTL_ENABLE_DEBUG_INFO = NO;
				MTL_FAST_MATH = YES;
				SDKROOT = iphoneos;
				SWIFT_COMPILATION_MODE = wholemodule;
				SWIFT_OPTIMIZATION_LEVEL = "-O";
				VALIDATE_PRODUCT = YES;
			};
			name = Release;
		};
		FAA4F3A4269124EA00720074 /* Debug */ = {
			isa = XCBuildConfiguration;
			buildSettings = {
				ASSETCATALOG_COMPILER_APPICON_NAME = AppIcon;
				ASSETCATALOG_COMPILER_GLOBAL_ACCENT_COLOR_NAME = AccentColor;
				CODE_SIGN_STYLE = Automatic;
				INFOPLIST_FILE = Game/Info.plist;
				LD_RUNPATH_SEARCH_PATHS = (
					"$(inherited)",
					"@executable_path/Frameworks",
				);
				PRODUCT_BUNDLE_IDENTIFIER = com.sametalemdaroglu.Game;
				PRODUCT_NAME = "$(TARGET_NAME)";
				SWIFT_VERSION = 5.0;
				TARGETED_DEVICE_FAMILY = "1,2";
			};
			name = Debug;
		};
		FAA4F3A5269124EA00720074 /* Release */ = {
			isa = XCBuildConfiguration;
			buildSettings = {
				ASSETCATALOG_COMPILER_APPICON_NAME = AppIcon;
				ASSETCATALOG_COMPILER_GLOBAL_ACCENT_COLOR_NAME = AccentColor;
				CODE_SIGN_STYLE = Automatic;
				INFOPLIST_FILE = Game/Info.plist;
				LD_RUNPATH_SEARCH_PATHS = (
					"$(inherited)",
					"@executable_path/Frameworks",
				);
				PRODUCT_BUNDLE_IDENTIFIER = com.sametalemdaroglu.Game;
				PRODUCT_NAME = "$(TARGET_NAME)";
				SWIFT_VERSION = 5.0;
				TARGETED_DEVICE_FAMILY = "1,2";
			};
			name = Release;
		};
/* End XCBuildConfiguration section */

/* Begin XCConfigurationList section */
		FAA4F38A269124E700720074 /* Build configuration list for PBXProject "Game" */ = {
			isa = XCConfigurationList;
			buildConfigurations = (
				FAA4F3A1269124EA00720074 /* Debug */,
				FAA4F3A2269124EA00720074 /* Release */,
			);
			defaultConfigurationIsVisible = 0;
			defaultConfigurationName = Release;
		};
		FAA4F3A3269124EA00720074 /* Build configuration list for PBXNativeTarget "Game" */ = {
			isa = XCConfigurationList;
			buildConfigurations = (
				FAA4F3A4269124EA00720074 /* Debug */,
				FAA4F3A5269124EA00720074 /* Release */,
			);
			defaultConfigurationIsVisible = 0;
			defaultConfigurationName = Release;
		};
/* End XCConfigurationList section */
	};
	rootObject = FAA4F387269124E700720074 /* Project object */;
}
